
Microsoft Visual Studio Solution File, Format Version 12.00
# Visual Studio 15
VisualStudioVersion = 15.0.28307.1145
MinimumVisualStudioVersion = 10.0.40219.1
Project("{8BC9CEB8-8B4A-11D0-8D11-00A0C91BC942}") = "C_algo", "C_algo\C_algo.vcxproj", "{6C2A15E4-DDD1-46A7-A8FA-EE5934B6A2E9}"
EndProject
Project("{8BC9CEB8-8B4A-11D0-8D11-00A0C91BC942}") = "10", "10\10.vcxproj", "{D26D2C2B-B156-4236-8921-ADBEC7A87F64}"
EndProject
Project("{8BC9CEB8-8B4A-11D0-8D11-00A0C91BC942}") = "11", "11\11.vcxproj", "{2F3F9FF9-197E-48DB-A9F2-44D29D4F9687}"
EndProject
Project("{8BC9CEB8-8B4A-11D0-8D11-00A0C91BC942}") = "12", "12\12.vcxproj", "{05D05ABC-7BAF-4D7B-BB4F-6E8C24D2163E}"
EndProject
Project("{8BC9CEB8-8B4A-11D0-8D11-00A0C91BC942}") = "13", "13\13.vcxproj", "{7E3F9C37-C5D3-4766-BFEA-8C6ACF5C6659}"
EndProject
Project("{8BC9CEB8-8B4A-11D0-8D11-00A0C91BC942}") = "56", "56\56.vcxproj", "{D41F9A27-39B3-42E6-955E-7FADE011F483}"
EndProject
Project("{8BC9CEB8-8B4A-11D0-8D11-00A0C91BC942}") = "01", "01\1.vcxproj", "{E2FBCE93-1631-4C69-BEAF-7C252320E2B6}"
EndProject
Project("{8BC9CEB8-8B4A-11D0-8D11-00A0C91BC942}") = "02", "02\2.vcxproj", "{B15454E3-EC9D-4EDA-8346-CACACECD79F5}"
EndProject
Project("{8BC9CEB8-8B4A-11D0-8D11-00A0C91BC942}") = "03", "03\3.vcxproj", "{5DCFE18F-3E0F-4F98-9341-49F5356FBD54}"
EndProject
Project("{8BC9CEB8-8B4A-11D0-8D11-00A0C91BC942}") = "04", "04\4.vcxproj", "{2EE5EE57-C202-4F21-9877-93815D39EE1D}"
EndProject
Project("{8BC9CEB8-8B4A-11D0-8D11-00A0C91BC942}") = "05", "05\5.vcxproj", "{3F738F06-71DB-480F-9488-880E419D7176}"
EndProject
Project("{8BC9CEB8-8B4A-11D0-8D11-00A0C91BC942}") = "06", "06\6.vcxproj", "{D60C114A-1CFD-471A-9480-A870BB4CB74E}"
EndProject
Project("{8BC9CEB8-8B4A-11D0-8D11-00A0C91BC942}") = "07", "07\7.vcxproj", "{007ACA3B-0E84-483D-880B-742411709588}"
EndProject
Project("{8BC9CEB8-8B4A-11D0-8D11-00A0C91BC942}") = "08", "08\8.vcxproj", "{6A8F6EC4-3B6B-47A6-9F3A-3387EFFF9B73}"
EndProject
Project("{8BC9CEB8-8B4A-11D0-8D11-00A0C91BC942}") = "09", "09\9.vcxproj", "{CEB394AD-9E32-4DEA-A9DD-5C23296BE925}"
EndProject
Project("{8BC9CEB8-8B4A-11D0-8D11-00A0C91BC942}") = "14", "14\14.vcxproj", "{A93E368B-099A-4B22-9E26-72CC67A76B3F}"
EndProject
Project("{8BC9CEB8-8B4A-11D0-8D11-00A0C91BC942}") = "15", "15\15.vcxproj", "{119B881D-E702-48EA-84E2-217841BFDD53}"
EndProject
Project("{8BC9CEB8-8B4A-11D0-8D11-00A0C91BC942}") = "16", "16\16.vcxproj", "{6550DE3C-A7A9-4FA0-A391-A2C87D4C52CD}"
EndProject
Project("{8BC9CEB8-8B4A-11D0-8D11-00A0C91BC942}") = "17", "17\17.vcxproj", "{F625A2B0-00A6-43D8-AE5D-2A22A0E9A482}"
EndProject
Project("{8BC9CEB8-8B4A-11D0-8D11-00A0C91BC942}") = "18", "18\18.vcxproj", "{5F3E53FD-071D-4866-A067-EBD9C8238E5C}"
EndProject
Project("{8BC9CEB8-8B4A-11D0-8D11-00A0C91BC942}") = "19", "19\19.vcxproj", "{91736926-86DF-4AAB-94F6-D02A7F421789}"
EndProject
Project("{8BC9CEB8-8B4A-11D0-8D11-00A0C91BC942}") = "20", "20\20.vcxproj", "{9915D877-7464-4FE7-9C58-A14172AB5D91}"
EndProject
Project("{8BC9CEB8-8B4A-11D0-8D11-00A0C91BC942}") = "21", "21\21.vcxproj", "{FBC2212E-56BB-4610-8481-B5AD2523DE1C}"
EndProject
Project("{8BC9CEB8-8B4A-11D0-8D11-00A0C91BC942}") = "22", "22\22.vcxproj", "{51B2CFEF-6354-49BB-8AEF-6F810F2637FC}"
EndProject
Global
	GlobalSection(SolutionConfigurationPlatforms) = preSolution
		Debug|x64 = Debug|x64
		Debug|x86 = Debug|x86
		Release|x64 = Release|x64
		Release|x86 = Release|x86
	EndGlobalSection
	GlobalSection(ProjectConfigurationPlatforms) = postSolution
		{6C2A15E4-DDD1-46A7-A8FA-EE5934B6A2E9}.Debug|x64.ActiveCfg = Debug|x64
		{6C2A15E4-DDD1-46A7-A8FA-EE5934B6A2E9}.Debug|x64.Build.0 = Debug|x64
		{6C2A15E4-DDD1-46A7-A8FA-EE5934B6A2E9}.Debug|x86.ActiveCfg = Debug|Win32
		{6C2A15E4-DDD1-46A7-A8FA-EE5934B6A2E9}.Debug|x86.Build.0 = Debug|Win32
		{6C2A15E4-DDD1-46A7-A8FA-EE5934B6A2E9}.Release|x64.ActiveCfg = Release|x64
		{6C2A15E4-DDD1-46A7-A8FA-EE5934B6A2E9}.Release|x64.Build.0 = Release|x64
		{6C2A15E4-DDD1-46A7-A8FA-EE5934B6A2E9}.Release|x86.ActiveCfg = Release|Win32
		{6C2A15E4-DDD1-46A7-A8FA-EE5934B6A2E9}.Release|x86.Build.0 = Release|Win32
		{D26D2C2B-B156-4236-8921-ADBEC7A87F64}.Debug|x64.ActiveCfg = Debug|x64
		{D26D2C2B-B156-4236-8921-ADBEC7A87F64}.Debug|x64.Build.0 = Debug|x64
		{D26D2C2B-B156-4236-8921-ADBEC7A87F64}.Debug|x86.ActiveCfg = Debug|Win32
		{D26D2C2B-B156-4236-8921-ADBEC7A87F64}.Debug|x86.Build.0 = Debug|Win32
		{D26D2C2B-B156-4236-8921-ADBEC7A87F64}.Release|x64.ActiveCfg = Release|x64
		{D26D2C2B-B156-4236-8921-ADBEC7A87F64}.Release|x64.Build.0 = Release|x64
		{D26D2C2B-B156-4236-8921-ADBEC7A87F64}.Release|x86.ActiveCfg = Release|Win32
		{D26D2C2B-B156-4236-8921-ADBEC7A87F64}.Release|x86.Build.0 = Release|Win32
		{2F3F9FF9-197E-48DB-A9F2-44D29D4F9687}.Debug|x64.ActiveCfg = Debug|x64
		{2F3F9FF9-197E-48DB-A9F2-44D29D4F9687}.Debug|x64.Build.0 = Debug|x64
		{2F3F9FF9-197E-48DB-A9F2-44D29D4F9687}.Debug|x86.ActiveCfg = Debug|Win32
		{2F3F9FF9-197E-48DB-A9F2-44D29D4F9687}.Debug|x86.Build.0 = Debug|Win32
		{2F3F9FF9-197E-48DB-A9F2-44D29D4F9687}.Release|x64.ActiveCfg = Release|x64
		{2F3F9FF9-197E-48DB-A9F2-44D29D4F9687}.Release|x64.Build.0 = Release|x64
		{2F3F9FF9-197E-48DB-A9F2-44D29D4F9687}.Release|x86.ActiveCfg = Release|Win32
		{2F3F9FF9-197E-48DB-A9F2-44D29D4F9687}.Release|x86.Build.0 = Release|Win32
		{05D05ABC-7BAF-4D7B-BB4F-6E8C24D2163E}.Debug|x64.ActiveCfg = Debug|x64
		{05D05ABC-7BAF-4D7B-BB4F-6E8C24D2163E}.Debug|x64.Build.0 = Debug|x64
		{05D05ABC-7BAF-4D7B-BB4F-6E8C24D2163E}.Debug|x86.ActiveCfg = Debug|Win32
		{05D05ABC-7BAF-4D7B-BB4F-6E8C24D2163E}.Debug|x86.Build.0 = Debug|Win32
		{05D05ABC-7BAF-4D7B-BB4F-6E8C24D2163E}.Release|x64.ActiveCfg = Release|x64
		{05D05ABC-7BAF-4D7B-BB4F-6E8C24D2163E}.Release|x64.Build.0 = Release|x64
		{05D05ABC-7BAF-4D7B-BB4F-6E8C24D2163E}.Release|x86.ActiveCfg = Release|Win32
		{05D05ABC-7BAF-4D7B-BB4F-6E8C24D2163E}.Release|x86.Build.0 = Release|Win32
		{7E3F9C37-C5D3-4766-BFEA-8C6ACF5C6659}.Debug|x64.ActiveCfg = Debug|x64
		{7E3F9C37-C5D3-4766-BFEA-8C6ACF5C6659}.Debug|x64.Build.0 = Debug|x64
		{7E3F9C37-C5D3-4766-BFEA-8C6ACF5C6659}.Debug|x86.ActiveCfg = Debug|Win32
		{7E3F9C37-C5D3-4766-BFEA-8C6ACF5C6659}.Debug|x86.Build.0 = Debug|Win32
		{7E3F9C37-C5D3-4766-BFEA-8C6ACF5C6659}.Release|x64.ActiveCfg = Release|x64
		{7E3F9C37-C5D3-4766-BFEA-8C6ACF5C6659}.Release|x64.Build.0 = Release|x64
		{7E3F9C37-C5D3-4766-BFEA-8C6ACF5C6659}.Release|x86.ActiveCfg = Release|Win32
		{7E3F9C37-C5D3-4766-BFEA-8C6ACF5C6659}.Release|x86.Build.0 = Release|Win32
		{D41F9A27-39B3-42E6-955E-7FADE011F483}.Debug|x64.ActiveCfg = Debug|x64
		{D41F9A27-39B3-42E6-955E-7FADE011F483}.Debug|x64.Build.0 = Debug|x64
		{D41F9A27-39B3-42E6-955E-7FADE011F483}.Debug|x86.ActiveCfg = Debug|Win32
		{D41F9A27-39B3-42E6-955E-7FADE011F483}.Debug|x86.Build.0 = Debug|Win32
		{D41F9A27-39B3-42E6-955E-7FADE011F483}.Release|x64.ActiveCfg = Release|x64
		{D41F9A27-39B3-42E6-955E-7FADE011F483}.Release|x64.Build.0 = Release|x64
		{D41F9A27-39B3-42E6-955E-7FADE011F483}.Release|x86.ActiveCfg = Release|Win32
		{D41F9A27-39B3-42E6-955E-7FADE011F483}.Release|x86.Build.0 = Release|Win32
		{E2FBCE93-1631-4C69-BEAF-7C252320E2B6}.Debug|x64.ActiveCfg = Debug|x64
		{E2FBCE93-1631-4C69-BEAF-7C252320E2B6}.Debug|x64.Build.0 = Debug|x64
		{E2FBCE93-1631-4C69-BEAF-7C252320E2B6}.Debug|x86.ActiveCfg = Debug|Win32
		{E2FBCE93-1631-4C69-BEAF-7C252320E2B6}.Debug|x86.Build.0 = Debug|Win32
		{E2FBCE93-1631-4C69-BEAF-7C252320E2B6}.Release|x64.ActiveCfg = Release|x64
		{E2FBCE93-1631-4C69-BEAF-7C252320E2B6}.Release|x64.Build.0 = Release|x64
		{E2FBCE93-1631-4C69-BEAF-7C252320E2B6}.Release|x86.ActiveCfg = Release|Win32
		{E2FBCE93-1631-4C69-BEAF-7C252320E2B6}.Release|x86.Build.0 = Release|Win32
		{B15454E3-EC9D-4EDA-8346-CACACECD79F5}.Debug|x64.ActiveCfg = Debug|x64
		{B15454E3-EC9D-4EDA-8346-CACACECD79F5}.Debug|x64.Build.0 = Debug|x64
		{B15454E3-EC9D-4EDA-8346-CACACECD79F5}.Debug|x86.ActiveCfg = Debug|Win32
		{B15454E3-EC9D-4EDA-8346-CACACECD79F5}.Debug|x86.Build.0 = Debug|Win32
		{B15454E3-EC9D-4EDA-8346-CACACECD79F5}.Release|x64.ActiveCfg = Release|x64
		{B15454E3-EC9D-4EDA-8346-CACACECD79F5}.Release|x64.Build.0 = Release|x64
		{B15454E3-EC9D-4EDA-8346-CACACECD79F5}.Release|x86.ActiveCfg = Release|Win32
		{B15454E3-EC9D-4EDA-8346-CACACECD79F5}.Release|x86.Build.0 = Release|Win32
		{5DCFE18F-3E0F-4F98-9341-49F5356FBD54}.Debug|x64.ActiveCfg = Debug|x64
		{5DCFE18F-3E0F-4F98-9341-49F5356FBD54}.Debug|x64.Build.0 = Debug|x64
		{5DCFE18F-3E0F-4F98-9341-49F5356FBD54}.Debug|x86.ActiveCfg = Debug|Win32
		{5DCFE18F-3E0F-4F98-9341-49F5356FBD54}.Debug|x86.Build.0 = Debug|Win32
		{5DCFE18F-3E0F-4F98-9341-49F5356FBD54}.Release|x64.ActiveCfg = Release|x64
		{5DCFE18F-3E0F-4F98-9341-49F5356FBD54}.Release|x64.Build.0 = Release|x64
		{5DCFE18F-3E0F-4F98-9341-49F5356FBD54}.Release|x86.ActiveCfg = Release|Win32
		{5DCFE18F-3E0F-4F98-9341-49F5356FBD54}.Release|x86.Build.0 = Release|Win32
		{2EE5EE57-C202-4F21-9877-93815D39EE1D}.Debug|x64.ActiveCfg = Debug|x64
		{2EE5EE57-C202-4F21-9877-93815D39EE1D}.Debug|x64.Build.0 = Debug|x64
		{2EE5EE57-C202-4F21-9877-93815D39EE1D}.Debug|x86.ActiveCfg = Debug|Win32
		{2EE5EE57-C202-4F21-9877-93815D39EE1D}.Debug|x86.Build.0 = Debug|Win32
		{2EE5EE57-C202-4F21-9877-93815D39EE1D}.Release|x64.ActiveCfg = Release|x64
		{2EE5EE57-C202-4F21-9877-93815D39EE1D}.Release|x64.Build.0 = Release|x64
		{2EE5EE57-C202-4F21-9877-93815D39EE1D}.Release|x86.ActiveCfg = Release|Win32
		{2EE5EE57-C202-4F21-9877-93815D39EE1D}.Release|x86.Build.0 = Release|Win32
		{3F738F06-71DB-480F-9488-880E419D7176}.Debug|x64.ActiveCfg = Debug|x64
		{3F738F06-71DB-480F-9488-880E419D7176}.Debug|x64.Build.0 = Debug|x64
		{3F738F06-71DB-480F-9488-880E419D7176}.Debug|x86.ActiveCfg = Debug|Win32
		{3F738F06-71DB-480F-9488-880E419D7176}.Debug|x86.Build.0 = Debug|Win32
		{3F738F06-71DB-480F-9488-880E419D7176}.Release|x64.ActiveCfg = Release|x64
		{3F738F06-71DB-480F-9488-880E419D7176}.Release|x64.Build.0 = Release|x64
		{3F738F06-71DB-480F-9488-880E419D7176}.Release|x86.ActiveCfg = Release|Win32
		{3F738F06-71DB-480F-9488-880E419D7176}.Release|x86.Build.0 = Release|Win32
		{D60C114A-1CFD-471A-9480-A870BB4CB74E}.Debug|x64.ActiveCfg = Debug|x64
		{D60C114A-1CFD-471A-9480-A870BB4CB74E}.Debug|x64.Build.0 = Debug|x64
		{D60C114A-1CFD-471A-9480-A870BB4CB74E}.Debug|x86.ActiveCfg = Debug|Win32
		{D60C114A-1CFD-471A-9480-A870BB4CB74E}.Debug|x86.Build.0 = Debug|Win32
		{D60C114A-1CFD-471A-9480-A870BB4CB74E}.Release|x64.ActiveCfg = Release|x64
		{D60C114A-1CFD-471A-9480-A870BB4CB74E}.Release|x64.Build.0 = Release|x64
		{D60C114A-1CFD-471A-9480-A870BB4CB74E}.Release|x86.ActiveCfg = Release|Win32
		{D60C114A-1CFD-471A-9480-A870BB4CB74E}.Release|x86.Build.0 = Release|Win32
		{007ACA3B-0E84-483D-880B-742411709588}.Debug|x64.ActiveCfg = Debug|x64
		{007ACA3B-0E84-483D-880B-742411709588}.Debug|x64.Build.0 = Debug|x64
		{007ACA3B-0E84-483D-880B-742411709588}.Debug|x86.ActiveCfg = Debug|Win32
		{007ACA3B-0E84-483D-880B-742411709588}.Debug|x86.Build.0 = Debug|Win32
		{007ACA3B-0E84-483D-880B-742411709588}.Release|x64.ActiveCfg = Release|x64
		{007ACA3B-0E84-483D-880B-742411709588}.Release|x64.Build.0 = Release|x64
		{007ACA3B-0E84-483D-880B-742411709588}.Release|x86.ActiveCfg = Release|Win32
		{007ACA3B-0E84-483D-880B-742411709588}.Release|x86.Build.0 = Release|Win32
		{6A8F6EC4-3B6B-47A6-9F3A-3387EFFF9B73}.Debug|x64.ActiveCfg = Debug|x64
		{6A8F6EC4-3B6B-47A6-9F3A-3387EFFF9B73}.Debug|x64.Build.0 = Debug|x64
		{6A8F6EC4-3B6B-47A6-9F3A-3387EFFF9B73}.Debug|x86.ActiveCfg = Debug|Win32
		{6A8F6EC4-3B6B-47A6-9F3A-3387EFFF9B73}.Debug|x86.Build.0 = Debug|Win32
		{6A8F6EC4-3B6B-47A6-9F3A-3387EFFF9B73}.Release|x64.ActiveCfg = Release|x64
		{6A8F6EC4-3B6B-47A6-9F3A-3387EFFF9B73}.Release|x64.Build.0 = Release|x64
		{6A8F6EC4-3B6B-47A6-9F3A-3387EFFF9B73}.Release|x86.ActiveCfg = Release|Win32
		{6A8F6EC4-3B6B-47A6-9F3A-3387EFFF9B73}.Release|x86.Build.0 = Release|Win32
		{CEB394AD-9E32-4DEA-A9DD-5C23296BE925}.Debug|x64.ActiveCfg = Debug|x64
		{CEB394AD-9E32-4DEA-A9DD-5C23296BE925}.Debug|x64.Build.0 = Debug|x64
		{CEB394AD-9E32-4DEA-A9DD-5C23296BE925}.Debug|x86.ActiveCfg = Debug|Win32
		{CEB394AD-9E32-4DEA-A9DD-5C23296BE925}.Debug|x86.Build.0 = Debug|Win32
		{CEB394AD-9E32-4DEA-A9DD-5C23296BE925}.Release|x64.ActiveCfg = Release|x64
		{CEB394AD-9E32-4DEA-A9DD-5C23296BE925}.Release|x64.Build.0 = Release|x64
		{CEB394AD-9E32-4DEA-A9DD-5C23296BE925}.Release|x86.ActiveCfg = Release|Win32
		{CEB394AD-9E32-4DEA-A9DD-5C23296BE925}.Release|x86.Build.0 = Release|Win32
		{A93E368B-099A-4B22-9E26-72CC67A76B3F}.Debug|x64.ActiveCfg = Debug|x64
		{A93E368B-099A-4B22-9E26-72CC67A76B3F}.Debug|x64.Build.0 = Debug|x64
		{A93E368B-099A-4B22-9E26-72CC67A76B3F}.Debug|x86.ActiveCfg = Debug|Win32
		{A93E368B-099A-4B22-9E26-72CC67A76B3F}.Debug|x86.Build.0 = Debug|Win32
		{A93E368B-099A-4B22-9E26-72CC67A76B3F}.Release|x64.ActiveCfg = Release|x64
		{A93E368B-099A-4B22-9E26-72CC67A76B3F}.Release|x64.Build.0 = Release|x64
		{A93E368B-099A-4B22-9E26-72CC67A76B3F}.Release|x86.ActiveCfg = Release|Win32
		{A93E368B-099A-4B22-9E26-72CC67A76B3F}.Release|x86.Build.0 = Release|Win32
		{119B881D-E702-48EA-84E2-217841BFDD53}.Debug|x64.ActiveCfg = Debug|x64
		{119B881D-E702-48EA-84E2-217841BFDD53}.Debug|x64.Build.0 = Debug|x64
		{119B881D-E702-48EA-84E2-217841BFDD53}.Debug|x86.ActiveCfg = Debug|Win32
		{119B881D-E702-48EA-84E2-217841BFDD53}.Debug|x86.Build.0 = Debug|Win32
		{119B881D-E702-48EA-84E2-217841BFDD53}.Release|x64.ActiveCfg = Release|x64
		{119B881D-E702-48EA-84E2-217841BFDD53}.Release|x64.Build.0 = Release|x64
		{119B881D-E702-48EA-84E2-217841BFDD53}.Release|x86.ActiveCfg = Release|Win32
		{119B881D-E702-48EA-84E2-217841BFDD53}.Release|x86.Build.0 = Release|Win32
		{6550DE3C-A7A9-4FA0-A391-A2C87D4C52CD}.Debug|x64.ActiveCfg = Debug|x64
		{6550DE3C-A7A9-4FA0-A391-A2C87D4C52CD}.Debug|x64.Build.0 = Debug|x64
		{6550DE3C-A7A9-4FA0-A391-A2C87D4C52CD}.Debug|x86.ActiveCfg = Debug|Win32
		{6550DE3C-A7A9-4FA0-A391-A2C87D4C52CD}.Debug|x86.Build.0 = Debug|Win32
		{6550DE3C-A7A9-4FA0-A391-A2C87D4C52CD}.Release|x64.ActiveCfg = Release|x64
		{6550DE3C-A7A9-4FA0-A391-A2C87D4C52CD}.Release|x64.Build.0 = Release|x64
		{6550DE3C-A7A9-4FA0-A391-A2C87D4C52CD}.Release|x86.ActiveCfg = Release|Win32
		{6550DE3C-A7A9-4FA0-A391-A2C87D4C52CD}.Release|x86.Build.0 = Release|Win32
		{F625A2B0-00A6-43D8-AE5D-2A22A0E9A482}.Debug|x64.ActiveCfg = Debug|x64
		{F625A2B0-00A6-43D8-AE5D-2A22A0E9A482}.Debug|x64.Build.0 = Debug|x64
		{F625A2B0-00A6-43D8-AE5D-2A22A0E9A482}.Debug|x86.ActiveCfg = Debug|Win32
		{F625A2B0-00A6-43D8-AE5D-2A22A0E9A482}.Debug|x86.Build.0 = Debug|Win32
		{F625A2B0-00A6-43D8-AE5D-2A22A0E9A482}.Release|x64.ActiveCfg = Release|x64
		{F625A2B0-00A6-43D8-AE5D-2A22A0E9A482}.Release|x64.Build.0 = Release|x64
		{F625A2B0-00A6-43D8-AE5D-2A22A0E9A482}.Release|x86.ActiveCfg = Release|Win32
		{F625A2B0-00A6-43D8-AE5D-2A22A0E9A482}.Release|x86.Build.0 = Release|Win32
		{5F3E53FD-071D-4866-A067-EBD9C8238E5C}.Debug|x64.ActiveCfg = Debug|x64
		{5F3E53FD-071D-4866-A067-EBD9C8238E5C}.Debug|x64.Build.0 = Debug|x64
		{5F3E53FD-071D-4866-A067-EBD9C8238E5C}.Debug|x86.ActiveCfg = Debug|Win32
		{5F3E53FD-071D-4866-A067-EBD9C8238E5C}.Debug|x86.Build.0 = Debug|Win32
		{5F3E53FD-071D-4866-A067-EBD9C8238E5C}.Release|x64.ActiveCfg = Release|x64
		{5F3E53FD-071D-4866-A067-EBD9C8238E5C}.Release|x64.Build.0 = Release|x64
		{5F3E53FD-071D-4866-A067-EBD9C8238E5C}.Release|x86.ActiveCfg = Release|Win32
		{5F3E53FD-071D-4866-A067-EBD9C8238E5C}.Release|x86.Build.0 = Release|Win32
		{91736926-86DF-4AAB-94F6-D02A7F421789}.Debug|x64.ActiveCfg = Debug|x64
		{91736926-86DF-4AAB-94F6-D02A7F421789}.Debug|x64.Build.0 = Debug|x64
		{91736926-86DF-4AAB-94F6-D02A7F421789}.Debug|x86.ActiveCfg = Debug|Win32
		{91736926-86DF-4AAB-94F6-D02A7F421789}.Debug|x86.Build.0 = Debug|Win32
		{91736926-86DF-4AAB-94F6-D02A7F421789}.Release|x64.ActiveCfg = Release|x64
		{91736926-86DF-4AAB-94F6-D02A7F421789}.Release|x64.Build.0 = Release|x64
		{91736926-86DF-4AAB-94F6-D02A7F421789}.Release|x86.ActiveCfg = Release|Win32
		{91736926-86DF-4AAB-94F6-D02A7F421789}.Release|x86.Build.0 = Release|Win32
		{9915D877-7464-4FE7-9C58-A14172AB5D91}.Debug|x64.ActiveCfg = Debug|x64
		{9915D877-7464-4FE7-9C58-A14172AB5D91}.Debug|x64.Build.0 = Debug|x64
		{9915D877-7464-4FE7-9C58-A14172AB5D91}.Debug|x86.ActiveCfg = Debug|Win32
		{9915D877-7464-4FE7-9C58-A14172AB5D91}.Debug|x86.Build.0 = Debug|Win32
		{9915D877-7464-4FE7-9C58-A14172AB5D91}.Release|x64.ActiveCfg = Release|x64
		{9915D877-7464-4FE7-9C58-A14172AB5D91}.Release|x64.Build.0 = Release|x64
		{9915D877-7464-4FE7-9C58-A14172AB5D91}.Release|x86.ActiveCfg = Release|Win32
		{9915D877-7464-4FE7-9C58-A14172AB5D91}.Release|x86.Build.0 = Release|Win32
		{FBC2212E-56BB-4610-8481-B5AD2523DE1C}.Debug|x64.ActiveCfg = Debug|x64
		{FBC2212E-56BB-4610-8481-B5AD2523DE1C}.Debug|x64.Build.0 = Debug|x64
		{FBC2212E-56BB-4610-8481-B5AD2523DE1C}.Debug|x86.ActiveCfg = Debug|Win32
		{FBC2212E-56BB-4610-8481-B5AD2523DE1C}.Debug|x86.Build.0 = Debug|Win32
		{FBC2212E-56BB-4610-8481-B5AD2523DE1C}.Release|x64.ActiveCfg = Release|x64
		{FBC2212E-56BB-4610-8481-B5AD2523DE1C}.Release|x64.Build.0 = Release|x64
		{FBC2212E-56BB-4610-8481-B5AD2523DE1C}.Release|x86.ActiveCfg = Release|Win32
		{FBC2212E-56BB-4610-8481-B5AD2523DE1C}.Release|x86.Build.0 = Release|Win32
		{51B2CFEF-6354-49BB-8AEF-6F810F2637FC}.Debug|x64.ActiveCfg = Debug|x64
		{51B2CFEF-6354-49BB-8AEF-6F810F2637FC}.Debug|x64.Build.0 = Debug|x64
		{51B2CFEF-6354-49BB-8AEF-6F810F2637FC}.Debug|x86.ActiveCfg = Debug|Win32
		{51B2CFEF-6354-49BB-8AEF-6F810F2637FC}.Debug|x86.Build.0 = Debug|Win32
		{51B2CFEF-6354-49BB-8AEF-6F810F2637FC}.Release|x64.ActiveCfg = Release|x64
		{51B2CFEF-6354-49BB-8AEF-6F810F2637FC}.Release|x64.Build.0 = Release|x64
		{51B2CFEF-6354-49BB-8AEF-6F810F2637FC}.Release|x86.ActiveCfg = Release|Win32
		{51B2CFEF-6354-49BB-8AEF-6F810F2637FC}.Release|x86.Build.0 = Release|Win32
	EndGlobalSection
	GlobalSection(SolutionProperties) = preSolution
		HideSolutionNode = FALSE
	EndGlobalSection
	GlobalSection(ExtensibilityGlobals) = postSolution
		SolutionGuid = {639C5331-B40A-4BAB-BE5E-5B801850BFDE}
	EndGlobalSection
EndGlobal
