
Microsoft Visual Studio Solution File, Format Version 12.00
# Visual Studio 15
VisualStudioVersion = 15.0.28307.1145
MinimumVisualStudioVersion = 10.0.40219.1
Project("{8BC9CEB8-8B4A-11D0-8D11-00A0C91BC942}") = "C_algo", "C_algo\C_algo.vcxproj", "{6C2A15E4-DDD1-46A7-A8FA-EE5934B6A2E9}"
EndProject
Project("{8BC9CEB8-8B4A-11D0-8D11-00A0C91BC942}") = "1", "1\1.vcxproj", "{E2FBCE93-1631-4C69-BEAF-7C252320E2B6}"
EndProject
Project("{8BC9CEB8-8B4A-11D0-8D11-00A0C91BC942}") = "2", "2\2.vcxproj", "{B15454E3-EC9D-4EDA-8346-CACACECD79F5}"
EndProject
Project("{8BC9CEB8-8B4A-11D0-8D11-00A0C91BC942}") = "3", "3\3.vcxproj", "{5DCFE18F-3E0F-4F98-9341-49F5356FBD54}"
EndProject
Project("{8BC9CEB8-8B4A-11D0-8D11-00A0C91BC942}") = "4", "4\4.vcxproj", "{2EE5EE57-C202-4F21-9877-93815D39EE1D}"
EndProject
Project("{8BC9CEB8-8B4A-11D0-8D11-00A0C91BC942}") = "5", "5\5.vcxproj", "{3F738F06-71DB-480F-9488-880E419D7176}"
EndProject
Project("{8BC9CEB8-8B4A-11D0-8D11-00A0C91BC942}") = "6", "6\6.vcxproj", "{D60C114A-1CFD-471A-9480-A870BB4CB74E}"
EndProject
Project("{8BC9CEB8-8B4A-11D0-8D11-00A0C91BC942}") = "7", "7\7.vcxproj", "{007ACA3B-0E84-483D-880B-742411709588}"
EndProject
Global
	GlobalSection(SolutionConfigurationPlatforms) = preSolution
		Debug|x64 = Debug|x64
		Debug|x86 = Debug|x86
		Release|x64 = Release|x64
		Release|x86 = Release|x86
	EndGlobalSection
	GlobalSection(ProjectConfigurationPlatforms) = postSolution
		{6C2A15E4-DDD1-46A7-A8FA-EE5934B6A2E9}.Debug|x64.ActiveCfg = Debug|x64
		{6C2A15E4-DDD1-46A7-A8FA-EE5934B6A2E9}.Debug|x64.Build.0 = Debug|x64
		{6C2A15E4-DDD1-46A7-A8FA-EE5934B6A2E9}.Debug|x86.ActiveCfg = Debug|Win32
		{6C2A15E4-DDD1-46A7-A8FA-EE5934B6A2E9}.Debug|x86.Build.0 = Debug|Win32
		{6C2A15E4-DDD1-46A7-A8FA-EE5934B6A2E9}.Release|x64.ActiveCfg = Release|x64
		{6C2A15E4-DDD1-46A7-A8FA-EE5934B6A2E9}.Release|x64.Build.0 = Release|x64
		{6C2A15E4-DDD1-46A7-A8FA-EE5934B6A2E9}.Release|x86.ActiveCfg = Release|Win32
		{6C2A15E4-DDD1-46A7-A8FA-EE5934B6A2E9}.Release|x86.Build.0 = Release|Win32
		{E2FBCE93-1631-4C69-BEAF-7C252320E2B6}.Debug|x64.ActiveCfg = Debug|x64
		{E2FBCE93-1631-4C69-BEAF-7C252320E2B6}.Debug|x64.Build.0 = Debug|x64
		{E2FBCE93-1631-4C69-BEAF-7C252320E2B6}.Debug|x86.ActiveCfg = Debug|Win32
		{E2FBCE93-1631-4C69-BEAF-7C252320E2B6}.Debug|x86.Build.0 = Debug|Win32
		{E2FBCE93-1631-4C69-BEAF-7C252320E2B6}.Release|x64.ActiveCfg = Release|x64
		{E2FBCE93-1631-4C69-BEAF-7C252320E2B6}.Release|x64.Build.0 = Release|x64
		{E2FBCE93-1631-4C69-BEAF-7C252320E2B6}.Release|x86.ActiveCfg = Release|Win32
		{E2FBCE93-1631-4C69-BEAF-7C252320E2B6}.Release|x86.Build.0 = Release|Win32
		{B15454E3-EC9D-4EDA-8346-CACACECD79F5}.Debug|x64.ActiveCfg = Debug|x64
		{B15454E3-EC9D-4EDA-8346-CACACECD79F5}.Debug|x64.Build.0 = Debug|x64
		{B15454E3-EC9D-4EDA-8346-CACACECD79F5}.Debug|x86.ActiveCfg = Debug|Win32
		{B15454E3-EC9D-4EDA-8346-CACACECD79F5}.Debug|x86.Build.0 = Debug|Win32
		{B15454E3-EC9D-4EDA-8346-CACACECD79F5}.Release|x64.ActiveCfg = Release|x64
		{B15454E3-EC9D-4EDA-8346-CACACECD79F5}.Release|x64.Build.0 = Release|x64
		{B15454E3-EC9D-4EDA-8346-CACACECD79F5}.Release|x86.ActiveCfg = Release|Win32
		{B15454E3-EC9D-4EDA-8346-CACACECD79F5}.Release|x86.Build.0 = Release|Win32
		{5DCFE18F-3E0F-4F98-9341-49F5356FBD54}.Debug|x64.ActiveCfg = Debug|x64
		{5DCFE18F-3E0F-4F98-9341-49F5356FBD54}.Debug|x64.Build.0 = Debug|x64
		{5DCFE18F-3E0F-4F98-9341-49F5356FBD54}.Debug|x86.ActiveCfg = Debug|Win32
		{5DCFE18F-3E0F-4F98-9341-49F5356FBD54}.Debug|x86.Build.0 = Debug|Win32
		{5DCFE18F-3E0F-4F98-9341-49F5356FBD54}.Release|x64.ActiveCfg = Release|x64
		{5DCFE18F-3E0F-4F98-9341-49F5356FBD54}.Release|x64.Build.0 = Release|x64
		{5DCFE18F-3E0F-4F98-9341-49F5356FBD54}.Release|x86.ActiveCfg = Release|Win32
		{5DCFE18F-3E0F-4F98-9341-49F5356FBD54}.Release|x86.Build.0 = Release|Win32
		{2EE5EE57-C202-4F21-9877-93815D39EE1D}.Debug|x64.ActiveCfg = Debug|x64
		{2EE5EE57-C202-4F21-9877-93815D39EE1D}.Debug|x64.Build.0 = Debug|x64
		{2EE5EE57-C202-4F21-9877-93815D39EE1D}.Debug|x86.ActiveCfg = Debug|Win32
		{2EE5EE57-C202-4F21-9877-93815D39EE1D}.Debug|x86.Build.0 = Debug|Win32
		{2EE5EE57-C202-4F21-9877-93815D39EE1D}.Release|x64.ActiveCfg = Release|x64
		{2EE5EE57-C202-4F21-9877-93815D39EE1D}.Release|x64.Build.0 = Release|x64
		{2EE5EE57-C202-4F21-9877-93815D39EE1D}.Release|x86.ActiveCfg = Release|Win32
		{2EE5EE57-C202-4F21-9877-93815D39EE1D}.Release|x86.Build.0 = Release|Win32
		{3F738F06-71DB-480F-9488-880E419D7176}.Debug|x64.ActiveCfg = Debug|x64
		{3F738F06-71DB-480F-9488-880E419D7176}.Debug|x64.Build.0 = Debug|x64
		{3F738F06-71DB-480F-9488-880E419D7176}.Debug|x86.ActiveCfg = Debug|Win32
		{3F738F06-71DB-480F-9488-880E419D7176}.Debug|x86.Build.0 = Debug|Win32
		{3F738F06-71DB-480F-9488-880E419D7176}.Release|x64.ActiveCfg = Release|x64
		{3F738F06-71DB-480F-9488-880E419D7176}.Release|x64.Build.0 = Release|x64
		{3F738F06-71DB-480F-9488-880E419D7176}.Release|x86.ActiveCfg = Release|Win32
		{3F738F06-71DB-480F-9488-880E419D7176}.Release|x86.Build.0 = Release|Win32
		{D60C114A-1CFD-471A-9480-A870BB4CB74E}.Debug|x64.ActiveCfg = Debug|x64
		{D60C114A-1CFD-471A-9480-A870BB4CB74E}.Debug|x64.Build.0 = Debug|x64
		{D60C114A-1CFD-471A-9480-A870BB4CB74E}.Debug|x86.ActiveCfg = Debug|Win32
		{D60C114A-1CFD-471A-9480-A870BB4CB74E}.Debug|x86.Build.0 = Debug|Win32
		{D60C114A-1CFD-471A-9480-A870BB4CB74E}.Release|x64.ActiveCfg = Release|x64
		{D60C114A-1CFD-471A-9480-A870BB4CB74E}.Release|x64.Build.0 = Release|x64
		{D60C114A-1CFD-471A-9480-A870BB4CB74E}.Release|x86.ActiveCfg = Release|Win32
		{D60C114A-1CFD-471A-9480-A870BB4CB74E}.Release|x86.Build.0 = Release|Win32
		{007ACA3B-0E84-483D-880B-742411709588}.Debug|x64.ActiveCfg = Debug|x64
		{007ACA3B-0E84-483D-880B-742411709588}.Debug|x64.Build.0 = Debug|x64
		{007ACA3B-0E84-483D-880B-742411709588}.Debug|x86.ActiveCfg = Debug|Win32
		{007ACA3B-0E84-483D-880B-742411709588}.Debug|x86.Build.0 = Debug|Win32
		{007ACA3B-0E84-483D-880B-742411709588}.Release|x64.ActiveCfg = Release|x64
		{007ACA3B-0E84-483D-880B-742411709588}.Release|x64.Build.0 = Release|x64
		{007ACA3B-0E84-483D-880B-742411709588}.Release|x86.ActiveCfg = Release|Win32
		{007ACA3B-0E84-483D-880B-742411709588}.Release|x86.Build.0 = Release|Win32
	EndGlobalSection
	GlobalSection(SolutionProperties) = preSolution
		HideSolutionNode = FALSE
	EndGlobalSection
	GlobalSection(ExtensibilityGlobals) = postSolution
		SolutionGuid = {639C5331-B40A-4BAB-BE5E-5B801850BFDE}
	EndGlobalSection
EndGlobal
